
Microsoft Visual Studio Solution File, Format Version 12.00
# Visual Studio Version 17
VisualStudioVersion = 17.0.31903.59
MinimumVisualStudioVersion = 10.0.40219.1
Project("{2150E333-8FDC-42A3-9474-1A3956D46DE8}") = "src", "src", "{827E0CD3-B72D-47B6-A68D-7590B98EB39B}"
EndProject
Project("{FAE04EC0-301F-11D3-BF4B-00C04F79EFBC}") = "Zumbo.Api", "src\Zumbo.Api\Zumbo.Api.csproj", "{932F8889-736C-4C24-979B-2062B145880E}"
EndProject
Project("{FAE04EC0-301F-11D3-BF4B-00C04F79EFBC}") = "Zumbo.SharedKernel", "src\Zumbo.SharedKernel\Zumbo.SharedKernel.csproj", "{91D99555-02E5-44E9-A651-9DA59F22CF3D}"
EndProject
Project("{FAE04EC0-301F-11D3-BF4B-00C04F79EFBC}") = "Zumbo.BuildingBlocks.Infrastructure", "src\Zumbo.BuildingBlocks.Infrastructure\Zumbo.BuildingBlocks.Infrastructure.csproj", "{F54E82BD-1904-4384-AE01-5B2C39546357}"
EndProject
Project("{FAE04EC0-301F-11D3-BF4B-00C04F79EFBC}") = "Zumbo.Modules.Identity", "src\Zumbo.Modules.Identity\Zumbo.Modules.Identity.csproj", "{EF8E69A5-68BD-44F9-8992-439BF2118917}"
EndProject
Project("{FAE04EC0-301F-11D3-BF4B-00C04F79EFBC}") = "Zumbo.Modules.Teams", "src\Zumbo.Modules.Teams\Zumbo.Modules.Teams.csproj", "{B16142F4-79C2-4D33-BEB0-0A0F01EFCFED}"
EndProject
Project("{FAE04EC0-301F-11D3-BF4B-00C04F79EFBC}") = "Zumbo.Modules.Projects", "src\Zumbo.Modules.Projects\Zumbo.Modules.Projects.csproj", "{AFFF57E6-56A6-4EA1-86FC-857F308F208B}"
EndProject
Project("{FAE04EC0-301F-11D3-BF4B-00C04F79EFBC}") = "Zumbo.Modules.Boards", "src\Zumbo.Modules.Boards\Zumbo.Modules.Boards.csproj", "{E1552182-92B4-4A91-9935-5F62C0C71847}"
EndProject
Project("{FAE04EC0-301F-11D3-BF4B-00C04F79EFBC}") = "Zumbo.Modules.WorkItems", "src\Zumbo.Modules.WorkItems\Zumbo.Modules.WorkItems.csproj", "{BAC38484-13C6-4975-9808-96C866D3B744}"
EndProject
Project("{FAE04EC0-301F-11D3-BF4B-00C04F79EFBC}") = "Zumbo.Modules.Notifications", "src\Zumbo.Modules.Notifications\Zumbo.Modules.Notifications.csproj", "{96B0BD60-1016-48C1-A9C0-B116AFC87F83}"
EndProject
Project("{FAE04EC0-301F-11D3-BF4B-00C04F79EFBC}") = "Zumbo.Modules.Audit", "src\Zumbo.Modules.Audit\Zumbo.Modules.Audit.csproj", "{0EAC89A9-B3BC-4531-8AE1-795E61293E1A}"
EndProject
Project("{FAE04EC0-301F-11D3-BF4B-00C04F79EFBC}") = "Zumbo.UnitTests", "tests\Zumbo.UnitTests\Zumbo.UnitTests.csproj", "{DAF3DF8B-2C18-4538-9022-76CAF487B290}"
EndProject
Project("{FAE04EC0-301F-11D3-BF4B-00C04F79EFBC}") = "Zumbo.ArchitectureTests", "tests\Zumbo.ArchitectureTests\Zumbo.ArchitectureTests.csproj", "{21FFC52F-17D5-4B0A-BFD2-2E9E39BBB1DD}"
EndProject
Project("{FAE04EC0-301F-11D3-BF4B-00C04F79EFBC}") = "Zumbo.ApiTests", "tests\Zumbo.ApiTests\Zumbo.ApiTests.csproj", "{D9BA36FF-67AC-4E51-A7E0-FDB553856A4C}"
EndProject
Project("{FAE04EC0-301F-11D3-BF4B-00C04F79EFBC}") = "Zumbo.Modules.Organizations", "src\Zumbo.Modules.Organizations\Zumbo.Modules.Organizations.csproj", "{80BCB517-E481-4AE7-BD30-3ED9972FCDF7}"
EndProject
Project("{FAE04EC0-301F-11D3-BF4B-00C04F79EFBC}") = "Zumbo.Modules.Workflows", "src\Zumbo.Modules.Workflows\Zumbo.Modules.Workflows.csproj", "{56775862-EAB4-49D2-927D-66DD232B0D73}"
EndProject
Project("{2150E333-8FDC-42A3-9474-1A3956D46DE8}") = "tools", "tools", "{07C2787E-EAC7-C090-1BA3-A61EC2A24D84}"
EndProject
Project("{FAE04EC0-301F-11D3-BF4B-00C04F79EFBC}") = "Zumbo.Capacity", "tools\Zumbo.Capacity\Zumbo.Capacity.csproj", "{618C6C1C-0A41-4FFC-9A7F-C396B0DB49C3}"
EndProject
Project("{FAE04EC0-301F-11D3-BF4B-00C04F79EFBC}") = "Zumbo.BuildingBlocks.Application", "src\Zumbo.BuildingBlocks.Application\Zumbo.BuildingBlocks.Application.csproj", "{26232D0B-F9F4-407D-AA5E-88A5B0E56040}"
EndProject
Project("{FAE04EC0-301F-11D3-BF4B-00C04F79EFBC}") = "Zumbo.Persistence.PostgreSql", "src\Zumbo.Persistence.PostgreSql\Zumbo.Persistence.PostgreSql.csproj", "{A9815AFD-F045-4B53-AFB6-E6F2B5F054CF}"
EndProject
Project("{FAE04EC0-301F-11D3-BF4B-00C04F79EFBC}") = "Zumbo.DatabaseMigrator", "tools\Zumbo.DatabaseMigrator\Zumbo.DatabaseMigrator.csproj", "{C6C117CE-57F8-4102-993D-F69F803457E7}"
EndProject
Project("{FAE04EC0-301F-11D3-BF4B-00C04F79EFBC}") = "Zumbo.DataTransfer", "tools\Zumbo.DataTransfer\Zumbo.DataTransfer.csproj", "{AD644C48-5884-4C1E-962E-8E0226315BBD}"
EndProject
Project("{FAE04EC0-301F-11D3-BF4B-00C04F79EFBC}") = "Zumbo.Gateway", "src\Zumbo.Gateway\Zumbo.Gateway.csproj", "{42FD7C6C-727B-4DF1-B984-4228E891BAEA}"
EndProject
Project("{2150E333-8FDC-42A3-9474-1A3956D46DE8}") = "tests", "tests", "{0AB3BF05-4346-4AA6-1389-037BE0695223}"
EndProject
Project("{FAE04EC0-301F-11D3-BF4B-00C04F79EFBC}") = "Zumbo.GatewayTests", "tests\Zumbo.GatewayTests\Zumbo.GatewayTests.csproj", "{1D81E1CD-87BD-41EC-A568-283886684192}"
EndProject
Global
	GlobalSection(SolutionConfigurationPlatforms) = preSolution
		Debug|Any CPU = Debug|Any CPU
		Debug|x64 = Debug|x64
		Debug|x86 = Debug|x86
		Release|Any CPU = Release|Any CPU
		Release|x64 = Release|x64
		Release|x86 = Release|x86
	EndGlobalSection
	GlobalSection(ProjectConfigurationPlatforms) = postSolution
		{932F8889-736C-4C24-979B-2062B145880E}.Debug|Any CPU.ActiveCfg = Debug|Any CPU
		{932F8889-736C-4C24-979B-2062B145880E}.Debug|Any CPU.Build.0 = Debug|Any CPU
		{932F8889-736C-4C24-979B-2062B145880E}.Debug|x64.ActiveCfg = Debug|Any CPU
		{932F8889-736C-4C24-979B-2062B145880E}.Debug|x64.Build.0 = Debug|Any CPU
		{932F8889-736C-4C24-979B-2062B145880E}.Debug|x86.ActiveCfg = Debug|Any CPU
		{932F8889-736C-4C24-979B-2062B145880E}.Debug|x86.Build.0 = Debug|Any CPU
		{932F8889-736C-4C24-979B-2062B145880E}.Release|Any CPU.ActiveCfg = Release|Any CPU
		{932F8889-736C-4C24-979B-2062B145880E}.Release|Any CPU.Build.0 = Release|Any CPU
		{932F8889-736C-4C24-979B-2062B145880E}.Release|x64.ActiveCfg = Release|Any CPU
		{932F8889-736C-4C24-979B-2062B145880E}.Release|x64.Build.0 = Release|Any CPU
		{932F8889-736C-4C24-979B-2062B145880E}.Release|x86.ActiveCfg = Release|Any CPU
		{932F8889-736C-4C24-979B-2062B145880E}.Release|x86.Build.0 = Release|Any CPU
		{91D99555-02E5-44E9-A651-9DA59F22CF3D}.Debug|Any CPU.ActiveCfg = Debug|Any CPU
		{91D99555-02E5-44E9-A651-9DA59F22CF3D}.Debug|Any CPU.Build.0 = Debug|Any CPU
		{91D99555-02E5-44E9-A651-9DA59F22CF3D}.Debug|x64.ActiveCfg = Debug|Any CPU
		{91D99555-02E5-44E9-A651-9DA59F22CF3D}.Debug|x64.Build.0 = Debug|Any CPU
		{91D99555-02E5-44E9-A651-9DA59F22CF3D}.Debug|x86.ActiveCfg = Debug|Any CPU
		{91D99555-02E5-44E9-A651-9DA59F22CF3D}.Debug|x86.Build.0 = Debug|Any CPU
		{91D99555-02E5-44E9-A651-9DA59F22CF3D}.Release|Any CPU.ActiveCfg = Release|Any CPU
		{91D99555-02E5-44E9-A651-9DA59F22CF3D}.Release|Any CPU.Build.0 = Release|Any CPU
		{91D99555-02E5-44E9-A651-9DA59F22CF3D}.Release|x64.ActiveCfg = Release|Any CPU
		{91D99555-02E5-44E9-A651-9DA59F22CF3D}.Release|x64.Build.0 = Release|Any CPU
		{91D99555-02E5-44E9-A651-9DA59F22CF3D}.Release|x86.ActiveCfg = Release|Any CPU
		{91D99555-02E5-44E9-A651-9DA59F22CF3D}.Release|x86.Build.0 = Release|Any CPU
		{F54E82BD-1904-4384-AE01-5B2C39546357}.Debug|Any CPU.ActiveCfg = Debug|Any CPU
		{F54E82BD-1904-4384-AE01-5B2C39546357}.Debug|Any CPU.Build.0 = Debug|Any CPU
		{F54E82BD-1904-4384-AE01-5B2C39546357}.Debug|x64.ActiveCfg = Debug|Any CPU
		{F54E82BD-1904-4384-AE01-5B2C39546357}.Debug|x64.Build.0 = Debug|Any CPU
		{F54E82BD-1904-4384-AE01-5B2C39546357}.Debug|x86.ActiveCfg = Debug|Any CPU
		{F54E82BD-1904-4384-AE01-5B2C39546357}.Debug|x86.Build.0 = Debug|Any CPU
		{F54E82BD-1904-4384-AE01-5B2C39546357}.Release|Any CPU.ActiveCfg = Release|Any CPU
		{F54E82BD-1904-4384-AE01-5B2C39546357}.Release|Any CPU.Build.0 = Release|Any CPU
		{F54E82BD-1904-4384-AE01-5B2C39546357}.Release|x64.ActiveCfg = Release|Any CPU
		{F54E82BD-1904-4384-AE01-5B2C39546357}.Release|x64.Build.0 = Release|Any CPU
		{F54E82BD-1904-4384-AE01-5B2C39546357}.Release|x86.ActiveCfg = Release|Any CPU
		{F54E82BD-1904-4384-AE01-5B2C39546357}.Release|x86.Build.0 = Release|Any CPU
		{EF8E69A5-68BD-44F9-8992-439BF2118917}.Debug|Any CPU.ActiveCfg = Debug|Any CPU
		{EF8E69A5-68BD-44F9-8992-439BF2118917}.Debug|Any CPU.Build.0 = Debug|Any CPU
		{EF8E69A5-68BD-44F9-8992-439BF2118917}.Debug|x64.ActiveCfg = Debug|Any CPU
		{EF8E69A5-68BD-44F9-8992-439BF2118917}.Debug|x64.Build.0 = Debug|Any CPU
		{EF8E69A5-68BD-44F9-8992-439BF2118917}.Debug|x86.ActiveCfg = Debug|Any CPU
		{EF8E69A5-68BD-44F9-8992-439BF2118917}.Debug|x86.Build.0 = Debug|Any CPU
		{EF8E69A5-68BD-44F9-8992-439BF2118917}.Release|Any CPU.ActiveCfg = Release|Any CPU
		{EF8E69A5-68BD-44F9-8992-439BF2118917}.Release|Any CPU.Build.0 = Release|Any CPU
		{EF8E69A5-68BD-44F9-8992-439BF2118917}.Release|x64.ActiveCfg = Release|Any CPU
		{EF8E69A5-68BD-44F9-8992-439BF2118917}.Release|x64.Build.0 = Release|Any CPU
		{EF8E69A5-68BD-44F9-8992-439BF2118917}.Release|x86.ActiveCfg = Release|Any CPU
		{EF8E69A5-68BD-44F9-8992-439BF2118917}.Release|x86.Build.0 = Release|Any CPU
		{B16142F4-79C2-4D33-BEB0-0A0F01EFCFED}.Debug|Any CPU.ActiveCfg = Debug|Any CPU
		{B16142F4-79C2-4D33-BEB0-0A0F01EFCFED}.Debug|Any CPU.Build.0 = Debug|Any CPU
		{B16142F4-79C2-4D33-BEB0-0A0F01EFCFED}.Debug|x64.ActiveCfg = Debug|Any CPU
		{B16142F4-79C2-4D33-BEB0-0A0F01EFCFED}.Debug|x64.Build.0 = Debug|Any CPU
		{B16142F4-79C2-4D33-BEB0-0A0F01EFCFED}.Debug|x86.ActiveCfg = Debug|Any CPU
		{B16142F4-79C2-4D33-BEB0-0A0F01EFCFED}.Debug|x86.Build.0 = Debug|Any CPU
		{B16142F4-79C2-4D33-BEB0-0A0F01EFCFED}.Release|Any CPU.ActiveCfg = Release|Any CPU
		{B16142F4-79C2-4D33-BEB0-0A0F01EFCFED}.Release|Any CPU.Build.0 = Release|Any CPU
		{B16142F4-79C2-4D33-BEB0-0A0F01EFCFED}.Release|x64.ActiveCfg = Release|Any CPU
		{B16142F4-79C2-4D33-BEB0-0A0F01EFCFED}.Release|x64.Build.0 = Release|Any CPU
		{B16142F4-79C2-4D33-BEB0-0A0F01EFCFED}.Release|x86.ActiveCfg = Release|Any CPU
		{B16142F4-79C2-4D33-BEB0-0A0F01EFCFED}.Release|x86.Build.0 = Release|Any CPU
		{AFFF57E6-56A6-4EA1-86FC-857F308F208B}.Debug|Any CPU.ActiveCfg = Debug|Any CPU
		{AFFF57E6-56A6-4EA1-86FC-857F308F208B}.Debug|Any CPU.Build.0 = Debug|Any CPU
		{AFFF57E6-56A6-4EA1-86FC-857F308F208B}.Debug|x64.ActiveCfg = Debug|Any CPU
		{AFFF57E6-56A6-4EA1-86FC-857F308F208B}.Debug|x64.Build.0 = Debug|Any CPU
		{AFFF57E6-56A6-4EA1-86FC-857F308F208B}.Debug|x86.ActiveCfg = Debug|Any CPU
		{AFFF57E6-56A6-4EA1-86FC-857F308F208B}.Debug|x86.Build.0 = Debug|Any CPU
		{AFFF57E6-56A6-4EA1-86FC-857F308F208B}.Release|Any CPU.ActiveCfg = Release|Any CPU
		{AFFF57E6-56A6-4EA1-86FC-857F308F208B}.Release|Any CPU.Build.0 = Release|Any CPU
		{AFFF57E6-56A6-4EA1-86FC-857F308F208B}.Release|x64.ActiveCfg = Release|Any CPU
		{AFFF57E6-56A6-4EA1-86FC-857F308F208B}.Release|x64.Build.0 = Release|Any CPU
		{AFFF57E6-56A6-4EA1-86FC-857F308F208B}.Release|x86.ActiveCfg = Release|Any CPU
		{AFFF57E6-56A6-4EA1-86FC-857F308F208B}.Release|x86.Build.0 = Release|Any CPU
		{E1552182-92B4-4A91-9935-5F62C0C71847}.Debug|Any CPU.ActiveCfg = Debug|Any CPU
		{E1552182-92B4-4A91-9935-5F62C0C71847}.Debug|Any CPU.Build.0 = Debug|Any CPU
		{E1552182-92B4-4A91-9935-5F62C0C71847}.Debug|x64.ActiveCfg = Debug|Any CPU
		{E1552182-92B4-4A91-9935-5F62C0C71847}.Debug|x64.Build.0 = Debug|Any CPU
		{E1552182-92B4-4A91-9935-5F62C0C71847}.Debug|x86.ActiveCfg = Debug|Any CPU
		{E1552182-92B4-4A91-9935-5F62C0C71847}.Debug|x86.Build.0 = Debug|Any CPU
		{E1552182-92B4-4A91-9935-5F62C0C71847}.Release|Any CPU.ActiveCfg = Release|Any CPU
		{E1552182-92B4-4A91-9935-5F62C0C71847}.Release|Any CPU.Build.0 = Release|Any CPU
		{E1552182-92B4-4A91-9935-5F62C0C71847}.Release|x64.ActiveCfg = Release|Any CPU
		{E1552182-92B4-4A91-9935-5F62C0C71847}.Release|x64.Build.0 = Release|Any CPU
		{E1552182-92B4-4A91-9935-5F62C0C71847}.Release|x86.ActiveCfg = Release|Any CPU
		{E1552182-92B4-4A91-9935-5F62C0C71847}.Release|x86.Build.0 = Release|Any CPU
		{BAC38484-13C6-4975-9808-96C866D3B744}.Debug|Any CPU.ActiveCfg = Debug|Any CPU
		{BAC38484-13C6-4975-9808-96C866D3B744}.Debug|Any CPU.Build.0 = Debug|Any CPU
		{BAC38484-13C6-4975-9808-96C866D3B744}.Debug|x64.ActiveCfg = Debug|Any CPU
		{BAC38484-13C6-4975-9808-96C866D3B744}.Debug|x64.Build.0 = Debug|Any CPU
		{BAC38484-13C6-4975-9808-96C866D3B744}.Debug|x86.ActiveCfg = Debug|Any CPU
		{BAC38484-13C6-4975-9808-96C866D3B744}.Debug|x86.Build.0 = Debug|Any CPU
		{BAC38484-13C6-4975-9808-96C866D3B744}.Release|Any CPU.ActiveCfg = Release|Any CPU
		{BAC38484-13C6-4975-9808-96C866D3B744}.Release|Any CPU.Build.0 = Release|Any CPU
		{BAC38484-13C6-4975-9808-96C866D3B744}.Release|x64.ActiveCfg = Release|Any CPU
		{BAC38484-13C6-4975-9808-96C866D3B744}.Release|x64.Build.0 = Release|Any CPU
		{BAC38484-13C6-4975-9808-96C866D3B744}.Release|x86.ActiveCfg = Release|Any CPU
		{BAC38484-13C6-4975-9808-96C866D3B744}.Release|x86.Build.0 = Release|Any CPU
		{96B0BD60-1016-48C1-A9C0-B116AFC87F83}.Debug|Any CPU.ActiveCfg = Debug|Any CPU
		{96B0BD60-1016-48C1-A9C0-B116AFC87F83}.Debug|Any CPU.Build.0 = Debug|Any CPU
		{96B0BD60-1016-48C1-A9C0-B116AFC87F83}.Debug|x64.ActiveCfg = Debug|Any CPU
		{96B0BD60-1016-48C1-A9C0-B116AFC87F83}.Debug|x64.Build.0 = Debug|Any CPU
		{96B0BD60-1016-48C1-A9C0-B116AFC87F83}.Debug|x86.ActiveCfg = Debug|Any CPU
		{96B0BD60-1016-48C1-A9C0-B116AFC87F83}.Debug|x86.Build.0 = Debug|Any CPU
		{96B0BD60-1016-48C1-A9C0-B116AFC87F83}.Release|Any CPU.ActiveCfg = Release|Any CPU
		{96B0BD60-1016-48C1-A9C0-B116AFC87F83}.Release|Any CPU.Build.0 = Release|Any CPU
		{96B0BD60-1016-48C1-A9C0-B116AFC87F83}.Release|x64.ActiveCfg = Release|Any CPU
		{96B0BD60-1016-48C1-A9C0-B116AFC87F83}.Release|x64.Build.0 = Release|Any CPU
		{96B0BD60-1016-48C1-A9C0-B116AFC87F83}.Release|x86.ActiveCfg = Release|Any CPU
		{96B0BD60-1016-48C1-A9C0-B116AFC87F83}.Release|x86.Build.0 = Release|Any CPU
		{0EAC89A9-B3BC-4531-8AE1-795E61293E1A}.Debug|Any CPU.ActiveCfg = Debug|Any CPU
		{0EAC89A9-B3BC-4531-8AE1-795E61293E1A}.Debug|Any CPU.Build.0 = Debug|Any CPU
		{0EAC89A9-B3BC-4531-8AE1-795E61293E1A}.Debug|x64.ActiveCfg = Debug|Any CPU
		{0EAC89A9-B3BC-4531-8AE1-795E61293E1A}.Debug|x64.Build.0 = Debug|Any CPU
		{0EAC89A9-B3BC-4531-8AE1-795E61293E1A}.Debug|x86.ActiveCfg = Debug|Any CPU
		{0EAC89A9-B3BC-4531-8AE1-795E61293E1A}.Debug|x86.Build.0 = Debug|Any CPU
		{0EAC89A9-B3BC-4531-8AE1-795E61293E1A}.Release|Any CPU.ActiveCfg = Release|Any CPU
		{0EAC89A9-B3BC-4531-8AE1-795E61293E1A}.Release|Any CPU.Build.0 = Release|Any CPU
		{0EAC89A9-B3BC-4531-8AE1-795E61293E1A}.Release|x64.ActiveCfg = Release|Any CPU
		{0EAC89A9-B3BC-4531-8AE1-795E61293E1A}.Release|x64.Build.0 = Release|Any CPU
		{0EAC89A9-B3BC-4531-8AE1-795E61293E1A}.Release|x86.ActiveCfg = Release|Any CPU
		{0EAC89A9-B3BC-4531-8AE1-795E61293E1A}.Release|x86.Build.0 = Release|Any CPU
		{DAF3DF8B-2C18-4538-9022-76CAF487B290}.Debug|Any CPU.ActiveCfg = Debug|Any CPU
		{DAF3DF8B-2C18-4538-9022-76CAF487B290}.Debug|Any CPU.Build.0 = Debug|Any CPU
		{DAF3DF8B-2C18-4538-9022-76CAF487B290}.Debug|x64.ActiveCfg = Debug|Any CPU
		{DAF3DF8B-2C18-4538-9022-76CAF487B290}.Debug|x64.Build.0 = Debug|Any CPU
		{DAF3DF8B-2C18-4538-9022-76CAF487B290}.Debug|x86.ActiveCfg = Debug|Any CPU
		{DAF3DF8B-2C18-4538-9022-76CAF487B290}.Debug|x86.Build.0 = Debug|Any CPU
		{DAF3DF8B-2C18-4538-9022-76CAF487B290}.Release|Any CPU.ActiveCfg = Release|Any CPU
		{DAF3DF8B-2C18-4538-9022-76CAF487B290}.Release|Any CPU.Build.0 = Release|Any CPU
		{DAF3DF8B-2C18-4538-9022-76CAF487B290}.Release|x64.ActiveCfg = Release|Any CPU
		{DAF3DF8B-2C18-4538-9022-76CAF487B290}.Release|x64.Build.0 = Release|Any CPU
		{DAF3DF8B-2C18-4538-9022-76CAF487B290}.Release|x86.ActiveCfg = Release|Any CPU
		{DAF3DF8B-2C18-4538-9022-76CAF487B290}.Release|x86.Build.0 = Release|Any CPU
		{21FFC52F-17D5-4B0A-BFD2-2E9E39BBB1DD}.Debug|Any CPU.ActiveCfg = Debug|Any CPU
		{21FFC52F-17D5-4B0A-BFD2-2E9E39BBB1DD}.Debug|Any CPU.Build.0 = Debug|Any CPU
		{21FFC52F-17D5-4B0A-BFD2-2E9E39BBB1DD}.Debug|x64.ActiveCfg = Debug|Any CPU
		{21FFC52F-17D5-4B0A-BFD2-2E9E39BBB1DD}.Debug|x64.Build.0 = Debug|Any CPU
		{21FFC52F-17D5-4B0A-BFD2-2E9E39BBB1DD}.Debug|x86.ActiveCfg = Debug|Any CPU
		{21FFC52F-17D5-4B0A-BFD2-2E9E39BBB1DD}.Debug|x86.Build.0 = Debug|Any CPU
		{21FFC52F-17D5-4B0A-BFD2-2E9E39BBB1DD}.Release|Any CPU.ActiveCfg = Release|Any CPU
		{21FFC52F-17D5-4B0A-BFD2-2E9E39BBB1DD}.Release|Any CPU.Build.0 = Release|Any CPU
		{21FFC52F-17D5-4B0A-BFD2-2E9E39BBB1DD}.Release|x64.ActiveCfg = Release|Any CPU
		{21FFC52F-17D5-4B0A-BFD2-2E9E39BBB1DD}.Release|x64.Build.0 = Release|Any CPU
		{21FFC52F-17D5-4B0A-BFD2-2E9E39BBB1DD}.Release|x86.ActiveCfg = Release|Any CPU
		{21FFC52F-17D5-4B0A-BFD2-2E9E39BBB1DD}.Release|x86.Build.0 = Release|Any CPU
		{D9BA36FF-67AC-4E51-A7E0-FDB553856A4C}.Debug|Any CPU.ActiveCfg = Debug|Any CPU
		{D9BA36FF-67AC-4E51-A7E0-FDB553856A4C}.Debug|Any CPU.Build.0 = Debug|Any CPU
		{D9BA36FF-67AC-4E51-A7E0-FDB553856A4C}.Debug|x64.ActiveCfg = Debug|Any CPU
		{D9BA36FF-67AC-4E51-A7E0-FDB553856A4C}.Debug|x64.Build.0 = Debug|Any CPU
		{D9BA36FF-67AC-4E51-A7E0-FDB553856A4C}.Debug|x86.ActiveCfg = Debug|Any CPU
		{D9BA36FF-67AC-4E51-A7E0-FDB553856A4C}.Debug|x86.Build.0 = Debug|Any CPU
		{D9BA36FF-67AC-4E51-A7E0-FDB553856A4C}.Release|Any CPU.ActiveCfg = Release|Any CPU
		{D9BA36FF-67AC-4E51-A7E0-FDB553856A4C}.Release|Any CPU.Build.0 = Release|Any CPU
		{D9BA36FF-67AC-4E51-A7E0-FDB553856A4C}.Release|x64.ActiveCfg = Release|Any CPU
		{D9BA36FF-67AC-4E51-A7E0-FDB553856A4C}.Release|x64.Build.0 = Release|Any CPU
		{D9BA36FF-67AC-4E51-A7E0-FDB553856A4C}.Release|x86.ActiveCfg = Release|Any CPU
		{D9BA36FF-67AC-4E51-A7E0-FDB553856A4C}.Release|x86.Build.0 = Release|Any CPU
		{80BCB517-E481-4AE7-BD30-3ED9972FCDF7}.Debug|Any CPU.ActiveCfg = Debug|Any CPU
		{80BCB517-E481-4AE7-BD30-3ED9972FCDF7}.Debug|Any CPU.Build.0 = Debug|Any CPU
		{80BCB517-E481-4AE7-BD30-3ED9972FCDF7}.Debug|x64.ActiveCfg = Debug|Any CPU
		{80BCB517-E481-4AE7-BD30-3ED9972FCDF7}.Debug|x64.Build.0 = Debug|Any CPU
		{80BCB517-E481-4AE7-BD30-3ED9972FCDF7}.Debug|x86.ActiveCfg = Debug|Any CPU
		{80BCB517-E481-4AE7-BD30-3ED9972FCDF7}.Debug|x86.Build.0 = Debug|Any CPU
		{80BCB517-E481-4AE7-BD30-3ED9972FCDF7}.Release|Any CPU.ActiveCfg = Release|Any CPU
		{80BCB517-E481-4AE7-BD30-3ED9972FCDF7}.Release|Any CPU.Build.0 = Release|Any CPU
		{80BCB517-E481-4AE7-BD30-3ED9972FCDF7}.Release|x64.ActiveCfg = Release|Any CPU
		{80BCB517-E481-4AE7-BD30-3ED9972FCDF7}.Release|x64.Build.0 = Release|Any CPU
		{80BCB517-E481-4AE7-BD30-3ED9972FCDF7}.Release|x86.ActiveCfg = Release|Any CPU
		{80BCB517-E481-4AE7-BD30-3ED9972FCDF7}.Release|x86.Build.0 = Release|Any CPU
		{56775862-EAB4-49D2-927D-66DD232B0D73}.Debug|Any CPU.ActiveCfg = Debug|Any CPU
		{56775862-EAB4-49D2-927D-66DD232B0D73}.Debug|Any CPU.Build.0 = Debug|Any CPU
		{56775862-EAB4-49D2-927D-66DD232B0D73}.Debug|x64.ActiveCfg = Debug|Any CPU
		{56775862-EAB4-49D2-927D-66DD232B0D73}.Debug|x64.Build.0 = Debug|Any CPU
		{56775862-EAB4-49D2-927D-66DD232B0D73}.Debug|x86.ActiveCfg = Debug|Any CPU
		{56775862-EAB4-49D2-927D-66DD232B0D73}.Debug|x86.Build.0 = Debug|Any CPU
		{56775862-EAB4-49D2-927D-66DD232B0D73}.Release|Any CPU.ActiveCfg = Release|Any CPU
		{56775862-EAB4-49D2-927D-66DD232B0D73}.Release|Any CPU.Build.0 = Release|Any CPU
		{56775862-EAB4-49D2-927D-66DD232B0D73}.Release|x64.ActiveCfg = Release|Any CPU
		{56775862-EAB4-49D2-927D-66DD232B0D73}.Release|x64.Build.0 = Release|Any CPU
		{56775862-EAB4-49D2-927D-66DD232B0D73}.Release|x86.ActiveCfg = Release|Any CPU
		{56775862-EAB4-49D2-927D-66DD232B0D73}.Release|x86.Build.0 = Release|Any CPU
		{618C6C1C-0A41-4FFC-9A7F-C396B0DB49C3}.Debug|Any CPU.ActiveCfg = Debug|Any CPU
		{618C6C1C-0A41-4FFC-9A7F-C396B0DB49C3}.Debug|Any CPU.Build.0 = Debug|Any CPU
		{618C6C1C-0A41-4FFC-9A7F-C396B0DB49C3}.Debug|x64.ActiveCfg = Debug|Any CPU
		{618C6C1C-0A41-4FFC-9A7F-C396B0DB49C3}.Debug|x64.Build.0 = Debug|Any CPU
		{618C6C1C-0A41-4FFC-9A7F-C396B0DB49C3}.Debug|x86.ActiveCfg = Debug|Any CPU
		{618C6C1C-0A41-4FFC-9A7F-C396B0DB49C3}.Debug|x86.Build.0 = Debug|Any CPU
		{618C6C1C-0A41-4FFC-9A7F-C396B0DB49C3}.Release|Any CPU.ActiveCfg = Release|Any CPU
		{618C6C1C-0A41-4FFC-9A7F-C396B0DB49C3}.Release|Any CPU.Build.0 = Release|Any CPU
		{618C6C1C-0A41-4FFC-9A7F-C396B0DB49C3}.Release|x64.ActiveCfg = Release|Any CPU
		{618C6C1C-0A41-4FFC-9A7F-C396B0DB49C3}.Release|x64.Build.0 = Release|Any CPU
		{618C6C1C-0A41-4FFC-9A7F-C396B0DB49C3}.Release|x86.ActiveCfg = Release|Any CPU
		{618C6C1C-0A41-4FFC-9A7F-C396B0DB49C3}.Release|x86.Build.0 = Release|Any CPU
		{26232D0B-F9F4-407D-AA5E-88A5B0E56040}.Debug|Any CPU.ActiveCfg = Debug|Any CPU
		{26232D0B-F9F4-407D-AA5E-88A5B0E56040}.Debug|Any CPU.Build.0 = Debug|Any CPU
		{26232D0B-F9F4-407D-AA5E-88A5B0E56040}.Debug|x64.ActiveCfg = Debug|Any CPU
		{26232D0B-F9F4-407D-AA5E-88A5B0E56040}.Debug|x64.Build.0 = Debug|Any CPU
		{26232D0B-F9F4-407D-AA5E-88A5B0E56040}.Debug|x86.ActiveCfg = Debug|Any CPU
		{26232D0B-F9F4-407D-AA5E-88A5B0E56040}.Debug|x86.Build.0 = Debug|Any CPU
		{26232D0B-F9F4-407D-AA5E-88A5B0E56040}.Release|Any CPU.ActiveCfg = Release|Any CPU
		{26232D0B-F9F4-407D-AA5E-88A5B0E56040}.Release|Any CPU.Build.0 = Release|Any CPU
		{26232D0B-F9F4-407D-AA5E-88A5B0E56040}.Release|x64.ActiveCfg = Release|Any CPU
		{26232D0B-F9F4-407D-AA5E-88A5B0E56040}.Release|x64.Build.0 = Release|Any CPU
		{26232D0B-F9F4-407D-AA5E-88A5B0E56040}.Release|x86.ActiveCfg = Release|Any CPU
		{26232D0B-F9F4-407D-AA5E-88A5B0E56040}.Release|x86.Build.0 = Release|Any CPU
		{A9815AFD-F045-4B53-AFB6-E6F2B5F054CF}.Debug|Any CPU.ActiveCfg = Debug|Any CPU
		{A9815AFD-F045-4B53-AFB6-E6F2B5F054CF}.Debug|Any CPU.Build.0 = Debug|Any CPU
		{A9815AFD-F045-4B53-AFB6-E6F2B5F054CF}.Debug|x64.ActiveCfg = Debug|Any CPU
		{A9815AFD-F045-4B53-AFB6-E6F2B5F054CF}.Debug|x64.Build.0 = Debug|Any CPU
		{A9815AFD-F045-4B53-AFB6-E6F2B5F054CF}.Debug|x86.ActiveCfg = Debug|Any CPU
		{A9815AFD-F045-4B53-AFB6-E6F2B5F054CF}.Debug|x86.Build.0 = Debug|Any CPU
		{A9815AFD-F045-4B53-AFB6-E6F2B5F054CF}.Release|Any CPU.ActiveCfg = Release|Any CPU
		{A9815AFD-F045-4B53-AFB6-E6F2B5F054CF}.Release|Any CPU.Build.0 = Release|Any CPU
		{A9815AFD-F045-4B53-AFB6-E6F2B5F054CF}.Release|x64.ActiveCfg = Release|Any CPU
		{A9815AFD-F045-4B53-AFB6-E6F2B5F054CF}.Release|x64.Build.0 = Release|Any CPU
		{A9815AFD-F045-4B53-AFB6-E6F2B5F054CF}.Release|x86.ActiveCfg = Release|Any CPU
		{A9815AFD-F045-4B53-AFB6-E6F2B5F054CF}.Release|x86.Build.0 = Release|Any CPU
		{C6C117CE-57F8-4102-993D-F69F803457E7}.Debug|Any CPU.ActiveCfg = Debug|Any CPU
		{C6C117CE-57F8-4102-993D-F69F803457E7}.Debug|Any CPU.Build.0 = Debug|Any CPU
		{C6C117CE-57F8-4102-993D-F69F803457E7}.Debug|x64.ActiveCfg = Debug|Any CPU
		{C6C117CE-57F8-4102-993D-F69F803457E7}.Debug|x64.Build.0 = Debug|Any CPU
		{C6C117CE-57F8-4102-993D-F69F803457E7}.Debug|x86.ActiveCfg = Debug|Any CPU
		{C6C117CE-57F8-4102-993D-F69F803457E7}.Debug|x86.Build.0 = Debug|Any CPU
		{C6C117CE-57F8-4102-993D-F69F803457E7}.Release|Any CPU.ActiveCfg = Release|Any CPU
		{C6C117CE-57F8-4102-993D-F69F803457E7}.Release|Any CPU.Build.0 = Release|Any CPU
		{C6C117CE-57F8-4102-993D-F69F803457E7}.Release|x64.ActiveCfg = Release|Any CPU
		{C6C117CE-57F8-4102-993D-F69F803457E7}.Release|x64.Build.0 = Release|Any CPU
		{C6C117CE-57F8-4102-993D-F69F803457E7}.Release|x86.ActiveCfg = Release|Any CPU
		{C6C117CE-57F8-4102-993D-F69F803457E7}.Release|x86.Build.0 = Release|Any CPU
		{AD644C48-5884-4C1E-962E-8E0226315BBD}.Debug|Any CPU.ActiveCfg = Debug|Any CPU
		{AD644C48-5884-4C1E-962E-8E0226315BBD}.Debug|Any CPU.Build.0 = Debug|Any CPU
		{AD644C48-5884-4C1E-962E-8E0226315BBD}.Debug|x64.ActiveCfg = Debug|Any CPU
		{AD644C48-5884-4C1E-962E-8E0226315BBD}.Debug|x64.Build.0 = Debug|Any CPU
		{AD644C48-5884-4C1E-962E-8E0226315BBD}.Debug|x86.ActiveCfg = Debug|Any CPU
		{AD644C48-5884-4C1E-962E-8E0226315BBD}.Debug|x86.Build.0 = Debug|Any CPU
		{AD644C48-5884-4C1E-962E-8E0226315BBD}.Release|Any CPU.ActiveCfg = Release|Any CPU
		{AD644C48-5884-4C1E-962E-8E0226315BBD}.Release|Any CPU.Build.0 = Release|Any CPU
		{AD644C48-5884-4C1E-962E-8E0226315BBD}.Release|x64.ActiveCfg = Release|Any CPU
		{AD644C48-5884-4C1E-962E-8E0226315BBD}.Release|x64.Build.0 = Release|Any CPU
		{AD644C48-5884-4C1E-962E-8E0226315BBD}.Release|x86.ActiveCfg = Release|Any CPU
		{AD644C48-5884-4C1E-962E-8E0226315BBD}.Release|x86.Build.0 = Release|Any CPU
		{42FD7C6C-727B-4DF1-B984-4228E891BAEA}.Debug|Any CPU.ActiveCfg = Debug|Any CPU
		{42FD7C6C-727B-4DF1-B984-4228E891BAEA}.Debug|Any CPU.Build.0 = Debug|Any CPU
		{42FD7C6C-727B-4DF1-B984-4228E891BAEA}.Debug|x64.ActiveCfg = Debug|Any CPU
		{42FD7C6C-727B-4DF1-B984-4228E891BAEA}.Debug|x64.Build.0 = Debug|Any CPU
		{42FD7C6C-727B-4DF1-B984-4228E891BAEA}.Debug|x86.ActiveCfg = Debug|Any CPU
		{42FD7C6C-727B-4DF1-B984-4228E891BAEA}.Debug|x86.Build.0 = Debug|Any CPU
		{42FD7C6C-727B-4DF1-B984-4228E891BAEA}.Release|Any CPU.ActiveCfg = Release|Any CPU
		{42FD7C6C-727B-4DF1-B984-4228E891BAEA}.Release|Any CPU.Build.0 = Release|Any CPU
		{42FD7C6C-727B-4DF1-B984-4228E891BAEA}.Release|x64.ActiveCfg = Release|Any CPU
		{42FD7C6C-727B-4DF1-B984-4228E891BAEA}.Release|x64.Build.0 = Release|Any CPU
		{42FD7C6C-727B-4DF1-B984-4228E891BAEA}.Release|x86.ActiveCfg = Release|Any CPU
		{42FD7C6C-727B-4DF1-B984-4228E891BAEA}.Release|x86.Build.0 = Release|Any CPU
		{1D81E1CD-87BD-41EC-A568-283886684192}.Debug|Any CPU.ActiveCfg = Debug|Any CPU
		{1D81E1CD-87BD-41EC-A568-283886684192}.Debug|Any CPU.Build.0 = Debug|Any CPU
		{1D81E1CD-87BD-41EC-A568-283886684192}.Debug|x64.ActiveCfg = Debug|Any CPU
		{1D81E1CD-87BD-41EC-A568-283886684192}.Debug|x64.Build.0 = Debug|Any CPU
		{1D81E1CD-87BD-41EC-A568-283886684192}.Debug|x86.ActiveCfg = Debug|Any CPU
		{1D81E1CD-87BD-41EC-A568-283886684192}.Debug|x86.Build.0 = Debug|Any CPU
		{1D81E1CD-87BD-41EC-A568-283886684192}.Release|Any CPU.ActiveCfg = Release|Any CPU
		{1D81E1CD-87BD-41EC-A568-283886684192}.Release|Any CPU.Build.0 = Release|Any CPU
		{1D81E1CD-87BD-41EC-A568-283886684192}.Release|x64.ActiveCfg = Release|Any CPU
		{1D81E1CD-87BD-41EC-A568-283886684192}.Release|x64.Build.0 = Release|Any CPU
		{1D81E1CD-87BD-41EC-A568-283886684192}.Release|x86.ActiveCfg = Release|Any CPU
		{1D81E1CD-87BD-41EC-A568-283886684192}.Release|x86.Build.0 = Release|Any CPU
	EndGlobalSection
	GlobalSection(SolutionProperties) = preSolution
		HideSolutionNode = FALSE
	EndGlobalSection
	GlobalSection(NestedProjects) = preSolution
		{932F8889-736C-4C24-979B-2062B145880E} = {827E0CD3-B72D-47B6-A68D-7590B98EB39B}
		{91D99555-02E5-44E9-A651-9DA59F22CF3D} = {827E0CD3-B72D-47B6-A68D-7590B98EB39B}
		{F54E82BD-1904-4384-AE01-5B2C39546357} = {827E0CD3-B72D-47B6-A68D-7590B98EB39B}
		{EF8E69A5-68BD-44F9-8992-439BF2118917} = {827E0CD3-B72D-47B6-A68D-7590B98EB39B}
		{B16142F4-79C2-4D33-BEB0-0A0F01EFCFED} = {827E0CD3-B72D-47B6-A68D-7590B98EB39B}
		{AFFF57E6-56A6-4EA1-86FC-857F308F208B} = {827E0CD3-B72D-47B6-A68D-7590B98EB39B}
		{E1552182-92B4-4A91-9935-5F62C0C71847} = {827E0CD3-B72D-47B6-A68D-7590B98EB39B}
		{BAC38484-13C6-4975-9808-96C866D3B744} = {827E0CD3-B72D-47B6-A68D-7590B98EB39B}
		{96B0BD60-1016-48C1-A9C0-B116AFC87F83} = {827E0CD3-B72D-47B6-A68D-7590B98EB39B}
		{0EAC89A9-B3BC-4531-8AE1-795E61293E1A} = {827E0CD3-B72D-47B6-A68D-7590B98EB39B}
		{DAF3DF8B-2C18-4538-9022-76CAF487B290} = {827E0CD3-B72D-47B6-A68D-7590B98EB39B}
		{21FFC52F-17D5-4B0A-BFD2-2E9E39BBB1DD} = {827E0CD3-B72D-47B6-A68D-7590B98EB39B}
		{D9BA36FF-67AC-4E51-A7E0-FDB553856A4C} = {827E0CD3-B72D-47B6-A68D-7590B98EB39B}
		{80BCB517-E481-4AE7-BD30-3ED9972FCDF7} = {827E0CD3-B72D-47B6-A68D-7590B98EB39B}
		{56775862-EAB4-49D2-927D-66DD232B0D73} = {827E0CD3-B72D-47B6-A68D-7590B98EB39B}
		{618C6C1C-0A41-4FFC-9A7F-C396B0DB49C3} = {07C2787E-EAC7-C090-1BA3-A61EC2A24D84}
		{26232D0B-F9F4-407D-AA5E-88A5B0E56040} = {827E0CD3-B72D-47B6-A68D-7590B98EB39B}
		{A9815AFD-F045-4B53-AFB6-E6F2B5F054CF} = {827E0CD3-B72D-47B6-A68D-7590B98EB39B}
		{C6C117CE-57F8-4102-993D-F69F803457E7} = {827E0CD3-B72D-47B6-A68D-7590B98EB39B}
		{AD644C48-5884-4C1E-962E-8E0226315BBD} = {07C2787E-EAC7-C090-1BA3-A61EC2A24D84}
		{42FD7C6C-727B-4DF1-B984-4228E891BAEA} = {827E0CD3-B72D-47B6-A68D-7590B98EB39B}
		{1D81E1CD-87BD-41EC-A568-283886684192} = {0AB3BF05-4346-4AA6-1389-037BE0695223}
	EndGlobalSection
EndGlobal
